
Microsoft Visual Studio Solution File, Format Version 12.00
# Visual Studio Version 17
VisualStudioVersion = 17.3.32922.545
MinimumVisualStudioVersion = 10.0.40219.1
Project("{2150E333-8FDC-42A3-9474-1A3956D46DE8}") = "StartUp", "StartUp", "{E3BC1079-E2E8-4AFA-BBC4-7D7B98E303EF}"
EndProject
Project("{9A19103F-16F7-4668-BE54-9A1E7A4F7556}") = "CurrencyTelegramBot.StartUp", "CurrencyTelegramBot.StartUp\CurrencyTelegramBot.StartUp.csproj", "{7A0C1E7E-83BF-4415-B81C-4A6E12657491}"
EndProject
Project("{2150E333-8FDC-42A3-9474-1A3956D46DE8}") = "Services", "Services", "{62BD0587-A569-4BBC-93AE-74EE3DF09F13}"
EndProject
Project("{9A19103F-16F7-4668-BE54-9A1E7A4F7556}") = "CurrencyTelegramBot.Services", "CurrencyTelegramBot.Services\CurrencyTelegramBot.Services.csproj", "{B1C73875-C631-4B4B-912C-D4308731E3DF}"
EndProject
Project("{2150E333-8FDC-42A3-9474-1A3956D46DE8}") = "Models", "Models", "{2BEC02E0-0643-4A80-BA27-25A7A6D4E2B4}"
EndProject
Project("{9A19103F-16F7-4668-BE54-9A1E7A4F7556}") = "CurrencyTelegramBot.Models", "CurrencyTelegramBot.Models\CurrencyTelegramBot.Models.csproj", "{035F6D36-6CE8-4CA1-B894-20D22CDD3331}"
EndProject
Project("{2150E333-8FDC-42A3-9474-1A3956D46DE8}") = "Services.Tests", "Services.Tests", "{77B026A1-CEE1-48A4-9882-B81EBE5F0F50}"
EndProject
Project("{FAE04EC0-301F-11D3-BF4B-00C04F79EFBC}") = "Service.Tests", "Service.Tests\Service.Tests.csproj", "{36F0D72A-6AA6-402E-A91F-0F631EBC692B}"
EndProject
Global
	GlobalSection(SolutionConfigurationPlatforms) = preSolution
		Debug|Any CPU = Debug|Any CPU
		Release|Any CPU = Release|Any CPU
	EndGlobalSection
	GlobalSection(ProjectConfigurationPlatforms) = postSolution
		{7A0C1E7E-83BF-4415-B81C-4A6E12657491}.Debug|Any CPU.ActiveCfg = Debug|Any CPU
		{7A0C1E7E-83BF-4415-B81C-4A6E12657491}.Debug|Any CPU.Build.0 = Debug|Any CPU
		{7A0C1E7E-83BF-4415-B81C-4A6E12657491}.Release|Any CPU.ActiveCfg = Release|Any CPU
		{7A0C1E7E-83BF-4415-B81C-4A6E12657491}.Release|Any CPU.Build.0 = Release|Any CPU
		{B1C73875-C631-4B4B-912C-D4308731E3DF}.Debug|Any CPU.ActiveCfg = Debug|Any CPU
		{B1C73875-C631-4B4B-912C-D4308731E3DF}.Debug|Any CPU.Build.0 = Debug|Any CPU
		{B1C73875-C631-4B4B-912C-D4308731E3DF}.Release|Any CPU.ActiveCfg = Release|Any CPU
		{B1C73875-C631-4B4B-912C-D4308731E3DF}.Release|Any CPU.Build.0 = Release|Any CPU
		{035F6D36-6CE8-4CA1-B894-20D22CDD3331}.Debug|Any CPU.ActiveCfg = Debug|Any CPU
		{035F6D36-6CE8-4CA1-B894-20D22CDD3331}.Debug|Any CPU.Build.0 = Debug|Any CPU
		{035F6D36-6CE8-4CA1-B894-20D22CDD3331}.Release|Any CPU.ActiveCfg = Release|Any CPU
		{035F6D36-6CE8-4CA1-B894-20D22CDD3331}.Release|Any CPU.Build.0 = Release|Any CPU
		{36F0D72A-6AA6-402E-A91F-0F631EBC692B}.Debug|Any CPU.ActiveCfg = Debug|Any CPU
		{36F0D72A-6AA6-402E-A91F-0F631EBC692B}.Debug|Any CPU.Build.0 = Debug|Any CPU
		{36F0D72A-6AA6-402E-A91F-0F631EBC692B}.Release|Any CPU.ActiveCfg = Release|Any CPU
		{36F0D72A-6AA6-402E-A91F-0F631EBC692B}.Release|Any CPU.Build.0 = Release|Any CPU
	EndGlobalSection
	GlobalSection(SolutionProperties) = preSolution
		HideSolutionNode = FALSE
	EndGlobalSection
	GlobalSection(NestedProjects) = preSolution
		{7A0C1E7E-83BF-4415-B81C-4A6E12657491} = {E3BC1079-E2E8-4AFA-BBC4-7D7B98E303EF}
		{B1C73875-C631-4B4B-912C-D4308731E3DF} = {62BD0587-A569-4BBC-93AE-74EE3DF09F13}
		{035F6D36-6CE8-4CA1-B894-20D22CDD3331} = {2BEC02E0-0643-4A80-BA27-25A7A6D4E2B4}
		{36F0D72A-6AA6-402E-A91F-0F631EBC692B} = {77B026A1-CEE1-48A4-9882-B81EBE5F0F50}
	EndGlobalSection
	GlobalSection(ExtensibilityGlobals) = postSolution
		SolutionGuid = {BFB1E46E-2F6A-4552-AE59-E2D51FD5022C}
	EndGlobalSection
EndGlobal
